
Microsoft Visual Studio Solution File, Format Version 12.00
# Visual Studio 2015
Project("{FAE04EC0-301F-11D3-BF4B-00C04F79EFBC}") = "AdventureTest", "AdventureTest.csproj", "{A6D9C4B6-FD03-8D20-633C-7EA91EDB92D4}"
EndProject
Project("{FAE04EC0-301F-11D3-BF4B-00C04F79EFBC}") = "AdventureTest.Editor", "AdventureTest.Editor.csproj", "{6612F84D-31D0-B5AF-10D1-945F9F98B72D}"
EndProject
Global
	GlobalSection(SolutionConfigurationPlatforms) = preSolution
		Debug|Any CPU = Debug|Any CPU
		Release|Any CPU = Release|Any CPU
	EndGlobalSection
	GlobalSection(ProjectConfigurationPlatforms) = postSolution
		{A6D9C4B6-FD03-8D20-633C-7EA91EDB92D4}.Debug|Any CPU.ActiveCfg = Debug|Any CPU
		{A6D9C4B6-FD03-8D20-633C-7EA91EDB92D4}.Debug|Any CPU.Build.0 = Debug|Any CPU
		{A6D9C4B6-FD03-8D20-633C-7EA91EDB92D4}.Release|Any CPU.ActiveCfg = Release|Any CPU
		{A6D9C4B6-FD03-8D20-633C-7EA91EDB92D4}.Release|Any CPU.Build.0 = Release|Any CPU
		{6612F84D-31D0-B5AF-10D1-945F9F98B72D}.Debug|Any CPU.ActiveCfg = Debug|Any CPU
		{6612F84D-31D0-B5AF-10D1-945F9F98B72D}.Debug|Any CPU.Build.0 = Debug|Any CPU
		{6612F84D-31D0-B5AF-10D1-945F9F98B72D}.Release|Any CPU.ActiveCfg = Release|Any CPU
		{6612F84D-31D0-B5AF-10D1-945F9F98B72D}.Release|Any CPU.Build.0 = Release|Any CPU
	EndGlobalSection
	GlobalSection(SolutionProperties) = preSolution
		HideSolutionNode = FALSE
	EndGlobalSection
EndGlobal
